
Microsoft Visual Studio Solution File, Format Version 12.00
# Visual Studio Version 17
VisualStudioVersion = 17.0.31903.59
MinimumVisualStudioVersion = 10.0.40219.1
Project("{2150E333-8FDC-42A3-9474-1A3956D46DE8}") = "src", "src", "{827E0CD3-B72D-47B6-A68D-7590B98EB39B}"
EndProject
Project("{FAE04EC0-301F-11D3-BF4B-00C04F79EFBC}") = "TimeSpot.Core", "src\TimeSpot.Core\TimeSpot.Core.csproj", "{89324249-6670-41BE-827F-40C6810E6A74}"
EndProject
Project("{FAE04EC0-301F-11D3-BF4B-00C04F79EFBC}") = "TimeSpot.UseCases", "src\TimeSpot.UseCases\TimeSpot.UseCases.csproj", "{E2591679-3297-404D-A279-A2E6CCBAA8BC}"
EndProject
Project("{FAE04EC0-301F-11D3-BF4B-00C04F79EFBC}") = "TimeSpot.Infrastructure", "src\TimeSpot.Infrastructure\TimeSpot.Infrastructure.csproj", "{37AE7C46-E805-4673-913A-C9CC161A0986}"
EndProject
Project("{FAE04EC0-301F-11D3-BF4B-00C04F79EFBC}") = "TimeSpot.Server", "src\TimeSpot.Server\TimeSpot.Server.csproj", "{09F82BB8-8F25-45D2-9AC0-5A1A802D93CA}"
EndProject
Project("{2150E333-8FDC-42A3-9474-1A3956D46DE8}") = "tests", "tests", "{0AB3BF05-4346-4AA6-1389-037BE0695223}"
EndProject
Project("{FAE04EC0-301F-11D3-BF4B-00C04F79EFBC}") = "TimeSpot.UseCases.Tests", "tests\TimeSpot.UseCases.Tests\TimeSpot.UseCases.Tests.csproj", "{9997F2CB-2EE1-40C1-9A1E-5E091D98D369}"
EndProject
Project("{FAE04EC0-301F-11D3-BF4B-00C04F79EFBC}") = "TimeSpot.Infrastructure.Tests", "tests\TimeSpot.Infrastructure.Tests\TimeSpot.Infrastructure.Tests.csproj", "{1FC11CE2-9D21-4860-A661-6F1AAAD73E12}"
EndProject
Global
	GlobalSection(SolutionConfigurationPlatforms) = preSolution
		Debug|Any CPU = Debug|Any CPU
		Debug|x64 = Debug|x64
		Debug|x86 = Debug|x86
		Release|Any CPU = Release|Any CPU
		Release|x64 = Release|x64
		Release|x86 = Release|x86
	EndGlobalSection
	GlobalSection(ProjectConfigurationPlatforms) = postSolution
		{89324249-6670-41BE-827F-40C6810E6A74}.Debug|Any CPU.ActiveCfg = Debug|Any CPU
		{89324249-6670-41BE-827F-40C6810E6A74}.Debug|Any CPU.Build.0 = Debug|Any CPU
		{89324249-6670-41BE-827F-40C6810E6A74}.Debug|x64.ActiveCfg = Debug|Any CPU
		{89324249-6670-41BE-827F-40C6810E6A74}.Debug|x64.Build.0 = Debug|Any CPU
		{89324249-6670-41BE-827F-40C6810E6A74}.Debug|x86.ActiveCfg = Debug|Any CPU
		{89324249-6670-41BE-827F-40C6810E6A74}.Debug|x86.Build.0 = Debug|Any CPU
		{89324249-6670-41BE-827F-40C6810E6A74}.Release|Any CPU.ActiveCfg = Release|Any CPU
		{89324249-6670-41BE-827F-40C6810E6A74}.Release|Any CPU.Build.0 = Release|Any CPU
		{89324249-6670-41BE-827F-40C6810E6A74}.Release|x64.ActiveCfg = Release|Any CPU
		{89324249-6670-41BE-827F-40C6810E6A74}.Release|x64.Build.0 = Release|Any CPU
		{89324249-6670-41BE-827F-40C6810E6A74}.Release|x86.ActiveCfg = Release|Any CPU
		{89324249-6670-41BE-827F-40C6810E6A74}.Release|x86.Build.0 = Release|Any CPU
		{E2591679-3297-404D-A279-A2E6CCBAA8BC}.Debug|Any CPU.ActiveCfg = Debug|Any CPU
		{E2591679-3297-404D-A279-A2E6CCBAA8BC}.Debug|Any CPU.Build.0 = Debug|Any CPU
		{E2591679-3297-404D-A279-A2E6CCBAA8BC}.Debug|x64.ActiveCfg = Debug|Any CPU
		{E2591679-3297-404D-A279-A2E6CCBAA8BC}.Debug|x64.Build.0 = Debug|Any CPU
		{E2591679-3297-404D-A279-A2E6CCBAA8BC}.Debug|x86.ActiveCfg = Debug|Any CPU
		{E2591679-3297-404D-A279-A2E6CCBAA8BC}.Debug|x86.Build.0 = Debug|Any CPU
		{E2591679-3297-404D-A279-A2E6CCBAA8BC}.Release|Any CPU.ActiveCfg = Release|Any CPU
		{E2591679-3297-404D-A279-A2E6CCBAA8BC}.Release|Any CPU.Build.0 = Release|Any CPU
		{E2591679-3297-404D-A279-A2E6CCBAA8BC}.Release|x64.ActiveCfg = Release|Any CPU
		{E2591679-3297-404D-A279-A2E6CCBAA8BC}.Release|x64.Build.0 = Release|Any CPU
		{E2591679-3297-404D-A279-A2E6CCBAA8BC}.Release|x86.ActiveCfg = Release|Any CPU
		{E2591679-3297-404D-A279-A2E6CCBAA8BC}.Release|x86.Build.0 = Release|Any CPU
		{37AE7C46-E805-4673-913A-C9CC161A0986}.Debug|Any CPU.ActiveCfg = Debug|Any CPU
		{37AE7C46-E805-4673-913A-C9CC161A0986}.Debug|Any CPU.Build.0 = Debug|Any CPU
		{37AE7C46-E805-4673-913A-C9CC161A0986}.Debug|x64.ActiveCfg = Debug|Any CPU
		{37AE7C46-E805-4673-913A-C9CC161A0986}.Debug|x64.Build.0 = Debug|Any CPU
		{37AE7C46-E805-4673-913A-C9CC161A0986}.Debug|x86.ActiveCfg = Debug|Any CPU
		{37AE7C46-E805-4673-913A-C9CC161A0986}.Debug|x86.Build.0 = Debug|Any CPU
		{37AE7C46-E805-4673-913A-C9CC161A0986}.Release|Any CPU.ActiveCfg = Release|Any CPU
		{37AE7C46-E805-4673-913A-C9CC161A0986}.Release|Any CPU.Build.0 = Release|Any CPU
		{37AE7C46-E805-4673-913A-C9CC161A0986}.Release|x64.ActiveCfg = Release|Any CPU
		{37AE7C46-E805-4673-913A-C9CC161A0986}.Release|x64.Build.0 = Release|Any CPU
		{37AE7C46-E805-4673-913A-C9CC161A0986}.Release|x86.ActiveCfg = Release|Any CPU
		{37AE7C46-E805-4673-913A-C9CC161A0986}.Release|x86.Build.0 = Release|Any CPU
		{09F82BB8-8F25-45D2-9AC0-5A1A802D93CA}.Debug|Any CPU.ActiveCfg = Debug|Any CPU
		{09F82BB8-8F25-45D2-9AC0-5A1A802D93CA}.Debug|Any CPU.Build.0 = Debug|Any CPU
		{09F82BB8-8F25-45D2-9AC0-5A1A802D93CA}.Debug|x64.ActiveCfg = Debug|Any CPU
		{09F82BB8-8F25-45D2-9AC0-5A1A802D93CA}.Debug|x64.Build.0 = Debug|Any CPU
		{09F82BB8-8F25-45D2-9AC0-5A1A802D93CA}.Debug|x86.ActiveCfg = Debug|Any CPU
		{09F82BB8-8F25-45D2-9AC0-5A1A802D93CA}.Debug|x86.Build.0 = Debug|Any CPU
		{09F82BB8-8F25-45D2-9AC0-5A1A802D93CA}.Release|Any CPU.ActiveCfg = Release|Any CPU
		{09F82BB8-8F25-45D2-9AC0-5A1A802D93CA}.Release|Any CPU.Build.0 = Release|Any CPU
		{09F82BB8-8F25-45D2-9AC0-5A1A802D93CA}.Release|x64.ActiveCfg = Release|Any CPU
		{09F82BB8-8F25-45D2-9AC0-5A1A802D93CA}.Release|x64.Build.0 = Release|Any CPU
		{09F82BB8-8F25-45D2-9AC0-5A1A802D93CA}.Release|x86.ActiveCfg = Release|Any CPU
		{09F82BB8-8F25-45D2-9AC0-5A1A802D93CA}.Release|x86.Build.0 = Release|Any CPU
		{9997F2CB-2EE1-40C1-9A1E-5E091D98D369}.Debug|Any CPU.ActiveCfg = Debug|Any CPU
		{9997F2CB-2EE1-40C1-9A1E-5E091D98D369}.Debug|Any CPU.Build.0 = Debug|Any CPU
		{9997F2CB-2EE1-40C1-9A1E-5E091D98D369}.Debug|x64.ActiveCfg = Debug|Any CPU
		{9997F2CB-2EE1-40C1-9A1E-5E091D98D369}.Debug|x64.Build.0 = Debug|Any CPU
		{9997F2CB-2EE1-40C1-9A1E-5E091D98D369}.Debug|x86.ActiveCfg = Debug|Any CPU
		{9997F2CB-2EE1-40C1-9A1E-5E091D98D369}.Debug|x86.Build.0 = Debug|Any CPU
		{9997F2CB-2EE1-40C1-9A1E-5E091D98D369}.Release|Any CPU.ActiveCfg = Release|Any CPU
		{9997F2CB-2EE1-40C1-9A1E-5E091D98D369}.Release|Any CPU.Build.0 = Release|Any CPU
		{9997F2CB-2EE1-40C1-9A1E-5E091D98D369}.Release|x64.ActiveCfg = Release|Any CPU
		{9997F2CB-2EE1-40C1-9A1E-5E091D98D369}.Release|x64.Build.0 = Release|Any CPU
		{9997F2CB-2EE1-40C1-9A1E-5E091D98D369}.Release|x86.ActiveCfg = Release|Any CPU
		{9997F2CB-2EE1-40C1-9A1E-5E091D98D369}.Release|x86.Build.0 = Release|Any CPU
		{1FC11CE2-9D21-4860-A661-6F1AAAD73E12}.Debug|Any CPU.ActiveCfg = Debug|Any CPU
		{1FC11CE2-9D21-4860-A661-6F1AAAD73E12}.Debug|Any CPU.Build.0 = Debug|Any CPU
		{1FC11CE2-9D21-4860-A661-6F1AAAD73E12}.Debug|x64.ActiveCfg = Debug|Any CPU
		{1FC11CE2-9D21-4860-A661-6F1AAAD73E12}.Debug|x64.Build.0 = Debug|Any CPU
		{1FC11CE2-9D21-4860-A661-6F1AAAD73E12}.Debug|x86.ActiveCfg = Debug|Any CPU
		{1FC11CE2-9D21-4860-A661-6F1AAAD73E12}.Debug|x86.Build.0 = Debug|Any CPU
		{1FC11CE2-9D21-4860-A661-6F1AAAD73E12}.Release|Any CPU.ActiveCfg = Release|Any CPU
		{1FC11CE2-9D21-4860-A661-6F1AAAD73E12}.Release|Any CPU.Build.0 = Release|Any CPU
		{1FC11CE2-9D21-4860-A661-6F1AAAD73E12}.Release|x64.ActiveCfg = Release|Any CPU
		{1FC11CE2-9D21-4860-A661-6F1AAAD73E12}.Release|x64.Build.0 = Release|Any CPU
		{1FC11CE2-9D21-4860-A661-6F1AAAD73E12}.Release|x86.ActiveCfg = Release|Any CPU
		{1FC11CE2-9D21-4860-A661-6F1AAAD73E12}.Release|x86.Build.0 = Release|Any CPU
	EndGlobalSection
	GlobalSection(SolutionProperties) = preSolution
		HideSolutionNode = FALSE
	EndGlobalSection
	GlobalSection(NestedProjects) = preSolution
		{89324249-6670-41BE-827F-40C6810E6A74} = {827E0CD3-B72D-47B6-A68D-7590B98EB39B}
		{E2591679-3297-404D-A279-A2E6CCBAA8BC} = {827E0CD3-B72D-47B6-A68D-7590B98EB39B}
		{37AE7C46-E805-4673-913A-C9CC161A0986} = {827E0CD3-B72D-47B6-A68D-7590B98EB39B}
		{09F82BB8-8F25-45D2-9AC0-5A1A802D93CA} = {827E0CD3-B72D-47B6-A68D-7590B98EB39B}
		{9997F2CB-2EE1-40C1-9A1E-5E091D98D369} = {0AB3BF05-4346-4AA6-1389-037BE0695223}
		{1FC11CE2-9D21-4860-A661-6F1AAAD73E12} = {0AB3BF05-4346-4AA6-1389-037BE0695223}
	EndGlobalSection
EndGlobal
